
Microsoft Visual Studio Solution File, Format Version 11.00
# Visual Studio 2010
Project("{FAE04EC0-301F-11D3-BF4B-00C04F79EFBC}") = "ItemEventReceiverProject", "ItemEventReceiverProject\ItemEventReceiverProject.csproj", "{11270F33-CD62-4D38-965B-68E3ED514BCE}"
EndProject
Global
	GlobalSection(SolutionConfigurationPlatforms) = preSolution
		Debug|Any CPU = Debug|Any CPU
		Release|Any CPU = Release|Any CPU
	EndGlobalSection
	GlobalSection(ProjectConfigurationPlatforms) = postSolution
		{11270F33-CD62-4D38-965B-68E3ED514BCE}.Debug|Any CPU.ActiveCfg = Debug|Any CPU
		{11270F33-CD62-4D38-965B-68E3ED514BCE}.Debug|Any CPU.Build.0 = Debug|Any CPU
		{11270F33-CD62-4D38-965B-68E3ED514BCE}.Debug|Any CPU.Deploy.0 = Debug|Any CPU
		{11270F33-CD62-4D38-965B-68E3ED514BCE}.Release|Any CPU.ActiveCfg = Release|Any CPU
		{11270F33-CD62-4D38-965B-68E3ED514BCE}.Release|Any CPU.Build.0 = Release|Any CPU
		{11270F33-CD62-4D38-965B-68E3ED514BCE}.Release|Any CPU.Deploy.0 = Release|Any CPU
	EndGlobalSection
	GlobalSection(SolutionProperties) = preSolution
		HideSolutionNode = FALSE
	EndGlobalSection
EndGlobal
