
Microsoft Visual Studio Solution File, Format Version 11.00
# Visual Studio 2010
Project("{FAE04EC0-301F-11D3-BF4B-00C04F79EFBC}") = "WebProvisioning", "WebProvisioning\WebProvisioning.csproj", "{592525C8-1774-4E7A-9371-41125D188D2B}"
EndProject
Global
	GlobalSection(SolutionConfigurationPlatforms) = preSolution
		Debug|Any CPU = Debug|Any CPU
		Release|Any CPU = Release|Any CPU
	EndGlobalSection
	GlobalSection(ProjectConfigurationPlatforms) = postSolution
		{592525C8-1774-4E7A-9371-41125D188D2B}.Debug|Any CPU.ActiveCfg = Debug|Any CPU
		{592525C8-1774-4E7A-9371-41125D188D2B}.Debug|Any CPU.Build.0 = Debug|Any CPU
		{592525C8-1774-4E7A-9371-41125D188D2B}.Debug|Any CPU.Deploy.0 = Debug|Any CPU
		{592525C8-1774-4E7A-9371-41125D188D2B}.Release|Any CPU.ActiveCfg = Release|Any CPU
		{592525C8-1774-4E7A-9371-41125D188D2B}.Release|Any CPU.Build.0 = Release|Any CPU
		{592525C8-1774-4E7A-9371-41125D188D2B}.Release|Any CPU.Deploy.0 = Release|Any CPU
	EndGlobalSection
	GlobalSection(SolutionProperties) = preSolution
		HideSolutionNode = FALSE
	EndGlobalSection
EndGlobal
