
Microsoft Visual Studio Solution File, Format Version 11.00
# Visual Studio 2010
Project("{FAE04EC0-301F-11D3-BF4B-00C04F79EFBC}") = "VisualWebPartProject1", "VisualWebPartProject1\VisualWebPartProject1.csproj", "{931B75C6-955C-4D3C-B505-C9FEAA9DFF09}"
EndProject
Global
	GlobalSection(SolutionConfigurationPlatforms) = preSolution
		Debug|Any CPU = Debug|Any CPU
		Release|Any CPU = Release|Any CPU
	EndGlobalSection
	GlobalSection(ProjectConfigurationPlatforms) = postSolution
		{931B75C6-955C-4D3C-B505-C9FEAA9DFF09}.Debug|Any CPU.ActiveCfg = Debug|Any CPU
		{931B75C6-955C-4D3C-B505-C9FEAA9DFF09}.Debug|Any CPU.Build.0 = Debug|Any CPU
		{931B75C6-955C-4D3C-B505-C9FEAA9DFF09}.Debug|Any CPU.Deploy.0 = Debug|Any CPU
		{931B75C6-955C-4D3C-B505-C9FEAA9DFF09}.Release|Any CPU.ActiveCfg = Release|Any CPU
		{931B75C6-955C-4D3C-B505-C9FEAA9DFF09}.Release|Any CPU.Build.0 = Release|Any CPU
		{931B75C6-955C-4D3C-B505-C9FEAA9DFF09}.Release|Any CPU.Deploy.0 = Release|Any CPU
	EndGlobalSection
	GlobalSection(SolutionProperties) = preSolution
		HideSolutionNode = FALSE
	EndGlobalSection
EndGlobal
