
Microsoft Visual Studio Solution File, Format Version 11.00
# Visual Studio 2010
Project("{FAE04EC0-301F-11D3-BF4B-00C04F79EFBC}") = "VisualWebPartEditor", "VisualWebPartEditor\VisualWebPartEditor.csproj", "{D3C6B242-CFE8-4F61-B3FD-5A45C0A4688E}"
EndProject
Global
	GlobalSection(SolutionConfigurationPlatforms) = preSolution
		Debug|Any CPU = Debug|Any CPU
		Release|Any CPU = Release|Any CPU
	EndGlobalSection
	GlobalSection(ProjectConfigurationPlatforms) = postSolution
		{D3C6B242-CFE8-4F61-B3FD-5A45C0A4688E}.Debug|Any CPU.ActiveCfg = Debug|Any CPU
		{D3C6B242-CFE8-4F61-B3FD-5A45C0A4688E}.Debug|Any CPU.Build.0 = Debug|Any CPU
		{D3C6B242-CFE8-4F61-B3FD-5A45C0A4688E}.Debug|Any CPU.Deploy.0 = Debug|Any CPU
		{D3C6B242-CFE8-4F61-B3FD-5A45C0A4688E}.Release|Any CPU.ActiveCfg = Release|Any CPU
		{D3C6B242-CFE8-4F61-B3FD-5A45C0A4688E}.Release|Any CPU.Build.0 = Release|Any CPU
		{D3C6B242-CFE8-4F61-B3FD-5A45C0A4688E}.Release|Any CPU.Deploy.0 = Release|Any CPU
	EndGlobalSection
	GlobalSection(SolutionProperties) = preSolution
		HideSolutionNode = FALSE
	EndGlobalSection
EndGlobal
