
Microsoft Visual Studio Solution File, Format Version 11.00
# Visual Studio 2010
Project("{FAE04EC0-301F-11D3-BF4B-00C04F79EFBC}") = "ResourceBasedVisualWebPart", "ResourceBasedVisualWebPart\ResourceBasedVisualWebPart.csproj", "{EC8D2060-0557-47A9-80F6-73431B4DC37D}"
EndProject
Global
	GlobalSection(SolutionConfigurationPlatforms) = preSolution
		Debug|Any CPU = Debug|Any CPU
		Release|Any CPU = Release|Any CPU
	EndGlobalSection
	GlobalSection(ProjectConfigurationPlatforms) = postSolution
		{EC8D2060-0557-47A9-80F6-73431B4DC37D}.Debug|Any CPU.ActiveCfg = Debug|Any CPU
		{EC8D2060-0557-47A9-80F6-73431B4DC37D}.Debug|Any CPU.Build.0 = Debug|Any CPU
		{EC8D2060-0557-47A9-80F6-73431B4DC37D}.Debug|Any CPU.Deploy.0 = Debug|Any CPU
		{EC8D2060-0557-47A9-80F6-73431B4DC37D}.Release|Any CPU.ActiveCfg = Release|Any CPU
		{EC8D2060-0557-47A9-80F6-73431B4DC37D}.Release|Any CPU.Build.0 = Release|Any CPU
		{EC8D2060-0557-47A9-80F6-73431B4DC37D}.Release|Any CPU.Deploy.0 = Release|Any CPU
	EndGlobalSection
	GlobalSection(SolutionProperties) = preSolution
		HideSolutionNode = FALSE
	EndGlobalSection
EndGlobal
